
Microsoft Visual Studio Solution File, Format Version 12.00
# Visual Studio Version 17
VisualStudioVersion = 17.10.34928.147
MinimumVisualStudioVersion = 10.0.40219.1
Project("{FAE04EC0-301F-11D3-BF4B-00C04F79EFBC}") = "LB4_Alkhimovich", "LB4_Alkhimovich\LB4_Alkhimovich.csproj", "{A3176B49-15B1-49FF-94D3-EB16DD6C8004}"
EndProject
Global
	GlobalSection(SolutionConfigurationPlatforms) = preSolution
		Debug|Any CPU = Debug|Any CPU
		Release|Any CPU = Release|Any CPU
	EndGlobalSection
	GlobalSection(ProjectConfigurationPlatforms) = postSolution
		{A3176B49-15B1-49FF-94D3-EB16DD6C8004}.Debug|Any CPU.ActiveCfg = Debug|Any CPU
		{A3176B49-15B1-49FF-94D3-EB16DD6C8004}.Debug|Any CPU.Build.0 = Debug|Any CPU
		{A3176B49-15B1-49FF-94D3-EB16DD6C8004}.Release|Any CPU.ActiveCfg = Release|Any CPU
		{A3176B49-15B1-49FF-94D3-EB16DD6C8004}.Release|Any CPU.Build.0 = Release|Any CPU
	EndGlobalSection
	GlobalSection(SolutionProperties) = preSolution
		HideSolutionNode = FALSE
	EndGlobalSection
	GlobalSection(ExtensibilityGlobals) = postSolution
		SolutionGuid = {7F9FBBD9-B55F-465C-BFDF-02CC86A32361}
	EndGlobalSection
EndGlobal
